
Microsoft Visual Studio Solution File, Format Version 12.00
<<<<<<< HEAD
# Visual Studio 2017
=======
# Visual Studio 15
>>>>>>> 2cad159fc2d7a40f090fdaf11119483160836fa9
Project("{FAE04EC0-301F-11D3-BF4B-00C04F79EFBC}") = "Whack-A-Mole-Project", "Whack-A-Mole-Project.csproj", "{26F02185-3F68-A809-7978-1C0D3E95340C}"
EndProject
Global
	GlobalSection(SolutionConfigurationPlatforms) = preSolution
		Debug|Any CPU = Debug|Any CPU
		Release|Any CPU = Release|Any CPU
	EndGlobalSection
	GlobalSection(ProjectConfigurationPlatforms) = postSolution
		{26F02185-3F68-A809-7978-1C0D3E95340C}.Debug|Any CPU.ActiveCfg = Debug|Any CPU
		{26F02185-3F68-A809-7978-1C0D3E95340C}.Debug|Any CPU.Build.0 = Debug|Any CPU
		{26F02185-3F68-A809-7978-1C0D3E95340C}.Release|Any CPU.ActiveCfg = Release|Any CPU
		{26F02185-3F68-A809-7978-1C0D3E95340C}.Release|Any CPU.Build.0 = Release|Any CPU
	EndGlobalSection
	GlobalSection(SolutionProperties) = preSolution
		HideSolutionNode = FALSE
	EndGlobalSection
EndGlobal
